// !$*UTF8*$!
{
	archiveVersion = 1;
	classes = {
	};
	objectVersion = 77;
	objects = {

/* Begin PBXBuildFile section */
		F4278C1B2D415B0B00CAE0AB /* MessageKit in Frameworks */ = {isa = PBXBuildFile; productRef = F4278C1A2D415B0B00CAE0AB /* MessageKit */; };
		F4CD8B672D41EFF100A7B33B /* FirebaseAnalytics in Frameworks */ = {isa = PBXBuildFile; productRef = F4CD8B662D41EFF100A7B33B /* FirebaseAnalytics */; };
		F4CD8B692D41EFF100A7B33B /* FirebaseAuth in Frameworks */ = {isa = PBXBuildFile; productRef = F4CD8B682D41EFF100A7B33B /* FirebaseAuth */; };
		F4CD8B6B2D41EFF100A7B33B /* FirebaseCore in Frameworks */ = {isa = PBXBuildFile; productRef = F4CD8B6A2D41EFF100A7B33B /* FirebaseCore */; };
		F4CD8B6D2D41EFF100A7B33B /* FirebaseCrashlytics in Frameworks */ = {isa = PBXBuildFile; productRef = F4CD8B6C2D41EFF100A7B33B /* FirebaseCrashlytics */; };
		F4CD8B6F2D41EFF100A7B33B /* FirebaseDatabase in Frameworks */ = {isa = PBXBuildFile; productRef = F4CD8B6E2D41EFF100A7B33B /* FirebaseDatabase */; };
		F4CD8B712D41EFF100A7B33B /* FirebaseFirestore in Frameworks */ = {isa = PBXBuildFile; productRef = F4CD8B702D41EFF100A7B33B /* FirebaseFirestore */; };
		F4CD8B732D41EFF100A7B33B /* FirebaseMessaging in Frameworks */ = {isa = PBXBuildFile; productRef = F4CD8B722D41EFF100A7B33B /* FirebaseMessaging */; };
		F4CD8B752D41EFF100A7B33B /* FirebaseStorage in Frameworks */ = {isa = PBXBuildFile; productRef = F4CD8B742D41EFF100A7B33B /* FirebaseStorage */; };
/* End PBXBuildFile section */

/* Begin PBXFileReference section */
		F409CC022D414E49005EA0B1 /* chat-messaging-firebase.app */ = {isa = PBXFileReference; explicitFileType = wrapper.application; includeInIndex = 0; path = "chat-messaging-firebase.app"; sourceTree = BUILT_PRODUCTS_DIR; };
/* End PBXFileReference section */

/* Begin PBXFileSystemSynchronizedBuildFileExceptionSet section */
		F409CC142D414E4B005EA0B1 /* Exceptions for "chat-messaging-firebase" folder in "chat-messaging-firebase" target */ = {
			isa = PBXFileSystemSynchronizedBuildFileExceptionSet;
			membershipExceptions = (
				Assets/Info.plist,
			);
			target = F409CC012D414E48005EA0B1 /* chat-messaging-firebase */;
		};
/* End PBXFileSystemSynchronizedBuildFileExceptionSet section */

/* Begin PBXFileSystemSynchronizedRootGroup section */
		F409CC042D414E49005EA0B1 /* chat-messaging-firebase */ = {
			isa = PBXFileSystemSynchronizedRootGroup;
			exceptions = (
				F409CC142D414E4B005EA0B1 /* Exceptions for "chat-messaging-firebase" folder in "chat-messaging-firebase" target */,
			);
			path = "chat-messaging-firebase";
			sourceTree = "<group>";
		};
/* End PBXFileSystemSynchronizedRootGroup section */

/* Begin PBXFrameworksBuildPhase section */
		F409CBFF2D414E48005EA0B1 /* Frameworks */ = {
			isa = PBXFrameworksBuildPhase;
			buildActionMask = 2147483647;
			files = (
				F4CD8B732D41EFF100A7B33B /* FirebaseMessaging in Frameworks */,
				F4CD8B6F2D41EFF100A7B33B /* FirebaseDatabase in Frameworks */,
				F4CD8B752D41EFF100A7B33B /* FirebaseStorage in Frameworks */,
				F4CD8B672D41EFF100A7B33B /* FirebaseAnalytics in Frameworks */,
				F4CD8B692D41EFF100A7B33B /* FirebaseAuth in Frameworks */,
				F4CD8B6D2D41EFF100A7B33B /* FirebaseCrashlytics in Frameworks */,
				F4CD8B6B2D41EFF100A7B33B /* FirebaseCore in Frameworks */,
				F4278C1B2D415B0B00CAE0AB /* MessageKit in Frameworks */,
				F4CD8B712D41EFF100A7B33B /* FirebaseFirestore in Frameworks */,
			);
			runOnlyForDeploymentPostprocessing = 0;
		};
/* End PBXFrameworksBuildPhase section */

/* Begin PBXGroup section */
		F409CBF92D414E48005EA0B1 = {
			isa = PBXGroup;
			children = (
				F409CC042D414E49005EA0B1 /* chat-messaging-firebase */,
				F409CC032D414E49005EA0B1 /* Products */,
			);
			sourceTree = "<group>";
		};
		F409CC032D414E49005EA0B1 /* Products */ = {
			isa = PBXGroup;
			children = (
				F409CC022D414E49005EA0B1 /* chat-messaging-firebase.app */,
			);
			name = Products;
			sourceTree = "<group>";
		};
/* End PBXGroup section */

/* Begin PBXNativeTarget section */
		F409CC012D414E48005EA0B1 /* chat-messaging-firebase */ = {
			isa = PBXNativeTarget;
			buildConfigurationList = F409CC152D414E4B005EA0B1 /* Build configuration list for PBXNativeTarget "chat-messaging-firebase" */;
			buildPhases = (
				F409CBFE2D414E48005EA0B1 /* Sources */,
				F409CBFF2D414E48005EA0B1 /* Frameworks */,
				F409CC002D414E48005EA0B1 /* Resources */,
			);
			buildRules = (
			);
			dependencies = (
			);
			fileSystemSynchronizedGroups = (
				F409CC042D414E49005EA0B1 /* chat-messaging-firebase */,
			);
			name = "chat-messaging-firebase";
			packageProductDependencies = (
				F4278C1A2D415B0B00CAE0AB /* MessageKit */,
				F4CD8B662D41EFF100A7B33B /* FirebaseAnalytics */,
				F4CD8B682D41EFF100A7B33B /* FirebaseAuth */,
				F4CD8B6A2D41EFF100A7B33B /* FirebaseCore */,
				F4CD8B6C2D41EFF100A7B33B /* FirebaseCrashlytics */,
				F4CD8B6E2D41EFF100A7B33B /* FirebaseDatabase */,
				F4CD8B702D41EFF100A7B33B /* FirebaseFirestore */,
				F4CD8B722D41EFF100A7B33B /* FirebaseMessaging */,
				F4CD8B742D41EFF100A7B33B /* FirebaseStorage */,
			);
			productName = "chat-messaging-firebase";
			productReference = F409CC022D414E49005EA0B1 /* chat-messaging-firebase.app */;
			productType = "com.apple.product-type.application";
		};
/* End PBXNativeTarget section */

/* Begin PBXProject section */
		F409CBFA2D414E48005EA0B1 /* Project object */ = {
			isa = PBXProject;
			attributes = {
				BuildIndependentTargetsInParallel = 1;
				LastSwiftUpdateCheck = 1600;
				LastUpgradeCheck = 1600;
				TargetAttributes = {
					F409CC012D414E48005EA0B1 = {
						CreatedOnToolsVersion = 16.0;
					};
				};
			};
			buildConfigurationList = F409CBFD2D414E48005EA0B1 /* Build configuration list for PBXProject "chat-messaging-firebase" */;
			developmentRegion = en;
			hasScannedForEncodings = 0;
			knownRegions = (
				en,
				Base,
			);
			mainGroup = F409CBF92D414E48005EA0B1;
			minimizedProjectReferenceProxies = 1;
			packageReferences = (
				F4278C192D415B0B00CAE0AB /* XCRemoteSwiftPackageReference "MessageKit" */,
				F4CD8B652D41EFF100A7B33B /* XCRemoteSwiftPackageReference "firebase-ios-sdk" */,
			);
			preferredProjectObjectVersion = 77;
			productRefGroup = F409CC032D414E49005EA0B1 /* Products */;
			projectDirPath = "";
			projectRoot = "";
			targets = (
				F409CC012D414E48005EA0B1 /* chat-messaging-firebase */,
			);
		};
/* End PBXProject section */

/* Begin PBXResourcesBuildPhase section */
		F409CC002D414E48005EA0B1 /* Resources */ = {
			isa = PBXResourcesBuildPhase;
			buildActionMask = 2147483647;
			files = (
			);
			runOnlyForDeploymentPostprocessing = 0;
		};
/* End PBXResourcesBuildPhase section */

/* Begin PBXSourcesBuildPhase section */
		F409CBFE2D414E48005EA0B1 /* Sources */ = {
			isa = PBXSourcesBuildPhase;
			buildActionMask = 2147483647;
			files = (
			);
			runOnlyForDeploymentPostprocessing = 0;
		};
/* End PBXSourcesBuildPhase section */

/* Begin XCBuildConfiguration section */
		F409CC162D414E4B005EA0B1 /* Debug */ = {
			isa = XCBuildConfiguration;
			buildSettings = {
				ASSETCATALOG_COMPILER_APPICON_NAME = AppIcon;
				ASSETCATALOG_COMPILER_GLOBAL_ACCENT_COLOR_NAME = AccentColor;
				CODE_SIGN_STYLE = Automatic;
				CURRENT_PROJECT_VERSION = 1;
				DEVELOPMENT_TEAM = M7R6QZ3L57;
				GENERATE_INFOPLIST_FILE = YES;
				INFOPLIST_FILE = "chat-messaging-firebase/Assets/Info.plist";
				INFOPLIST_KEY_UIApplicationSupportsIndirectInputEvents = YES;
				INFOPLIST_KEY_UILaunchStoryboardName = LaunchScreen;
				INFOPLIST_KEY_UIMainStoryboardFile = Main;
				INFOPLIST_KEY_UISupportedInterfaceOrientations_iPad = "UIInterfaceOrientationPortrait UIInterfaceOrientationPortraitUpsideDown UIInterfaceOrientationLandscapeLeft UIInterfaceOrientationLandscapeRight";
				INFOPLIST_KEY_UISupportedInterfaceOrientations_iPhone = "UIInterfaceOrientationPortrait UIInterfaceOrientationLandscapeLeft UIInterfaceOrientationLandscapeRight";
				IPHONEOS_DEPLOYMENT_TARGET = 15.6;
				LD_RUNPATH_SEARCH_PATHS = (
					"$(inherited)",
					"@executable_path/Frameworks",
				);
				MARKETING_VERSION = 1.0;
				PRODUCT_BUNDLE_IDENTIFIER = com.alfamart.alfagift.rnd;
				PRODUCT_NAME = "$(TARGET_NAME)";
				SWIFT_EMIT_LOC_STRINGS = YES;
				SWIFT_VERSION = 5.0;
				TARGETED_DEVICE_FAMILY = "1,2";
			};
			name = Debug;
		};
		F409CC172D414E4B005EA0B1 /* Release */ = {
			isa = XCBuildConfiguration;
			buildSettings = {
				ASSETCATALOG_COMPILER_APPICON_NAME = AppIcon;
				ASSETCATALOG_COMPILER_GLOBAL_ACCENT_COLOR_NAME = AccentColor;
				CODE_SIGN_STYLE = Automatic;
				CURRENT_PROJECT_VERSION = 1;
				DEVELOPMENT_TEAM = M7R6QZ3L57;
				GENERATE_INFOPLIST_FILE = YES;
				INFOPLIST_FILE = "chat-messaging-firebase/Assets/Info.plist";
				INFOPLIST_KEY_UIApplicationSupportsIndirectInputEvents = YES;
				INFOPLIST_KEY_UILaunchStoryboardName = LaunchScreen;
				INFOPLIST_KEY_UIMainStoryboardFile = Main;
				INFOPLIST_KEY_UISupportedInterfaceOrientations_iPad = "UIInterfaceOrientationPortrait UIInterfaceOrientationPortraitUpsideDown UIInterfaceOrientationLandscapeLeft UIInterfaceOrientationLandscapeRight";
				INFOPLIST_KEY_UISupportedInterfaceOrientations_iPhone = "UIInterfaceOrientationPortrait UIInterfaceOrientationLandscapeLeft UIInterfaceOrientationLandscapeRight";
				IPHONEOS_DEPLOYMENT_TARGET = 15.6;
				LD_RUNPATH_SEARCH_PATHS = (
					"$(inherited)",
					"@executable_path/Frameworks",
				);
				MARKETING_VERSION = 1.0;
				PRODUCT_BUNDLE_IDENTIFIER = com.alfamart.alfagift.rnd;
				PRODUCT_NAME = "$(TARGET_NAME)";
				SWIFT_EMIT_LOC_STRINGS = YES;
				SWIFT_VERSION = 5.0;
				TARGETED_DEVICE_FAMILY = "1,2";
			};
			name = Release;
		};
		F409CC182D414E4B005EA0B1 /* Debug */ = {
			isa = XCBuildConfiguration;
			buildSettings = {
				ALWAYS_SEARCH_USER_PATHS = NO;
				ASSETCATALOG_COMPILER_GENERATE_SWIFT_ASSET_SYMBOL_EXTENSIONS = YES;
				CLANG_ANALYZER_NONNULL = YES;
				CLANG_ANALYZER_NUMBER_OBJECT_CONVERSION = YES_AGGRESSIVE;
				CLANG_CXX_LANGUAGE_STANDARD = "gnu++20";
				CLANG_ENABLE_MODULES = YES;
				CLANG_ENABLE_OBJC_ARC = YES;
				CLANG_ENABLE_OBJC_WEAK = YES;
				CLANG_WARN_BLOCK_CAPTURE_AUTORELEASING = YES;
				CLANG_WARN_BOOL_CONVERSION = YES;
				CLANG_WARN_COMMA = YES;
				CLANG_WARN_CONSTANT_CONVERSION = YES;
				CLANG_WARN_DEPRECATED_OBJC_IMPLEMENTATIONS = YES;
				CLANG_WARN_DIRECT_OBJC_ISA_USAGE = YES_ERROR;
				CLANG_WARN_DOCUMENTATION_COMMENTS = YES;
				CLANG_WARN_EMPTY_BODY = YES;
				CLANG_WARN_ENUM_CONVERSION = YES;
				CLANG_WARN_INFINITE_RECURSION = YES;
				CLANG_WARN_INT_CONVERSION = YES;
				CLANG_WARN_NON_LITERAL_NULL_CONVERSION = YES;
				CLANG_WARN_OBJC_IMPLICIT_RETAIN_SELF = YES;
				CLANG_WARN_OBJC_LITERAL_CONVERSION = YES;
				CLANG_WARN_OBJC_ROOT_CLASS = YES_ERROR;
				CLANG_WARN_QUOTED_INCLUDE_IN_FRAMEWORK_HEADER = YES;
				CLANG_WARN_RANGE_LOOP_ANALYSIS = YES;
				CLANG_WARN_STRICT_PROTOTYPES = YES;
				CLANG_WARN_SUSPICIOUS_MOVE = YES;
				CLANG_WARN_UNGUARDED_AVAILABILITY = YES_AGGRESSIVE;
				CLANG_WARN_UNREACHABLE_CODE = YES;
				CLANG_WARN__DUPLICATE_METHOD_MATCH = YES;
				COPY_PHASE_STRIP = NO;
				DEBUG_INFORMATION_FORMAT = dwarf;
				ENABLE_STRICT_OBJC_MSGSEND = YES;
				ENABLE_TESTABILITY = YES;
				ENABLE_USER_SCRIPT_SANDBOXING = YES;
				GCC_C_LANGUAGE_STANDARD = gnu17;
				GCC_DYNAMIC_NO_PIC = NO;
				GCC_NO_COMMON_BLOCKS = YES;
				GCC_OPTIMIZATION_LEVEL = 0;
				GCC_PREPROCESSOR_DEFINITIONS = (
					"DEBUG=1",
					"$(inherited)",
				);
				GCC_WARN_64_TO_32_BIT_CONVERSION = YES;
				GCC_WARN_ABOUT_RETURN_TYPE = YES_ERROR;
				GCC_WARN_UNDECLARED_SELECTOR = YES;
				GCC_WARN_UNINITIALIZED_AUTOS = YES_AGGRESSIVE;
				GCC_WARN_UNUSED_FUNCTION = YES;
				GCC_WARN_UNUSED_VARIABLE = YES;
				IPHONEOS_DEPLOYMENT_TARGET = 18.0;
				LOCALIZATION_PREFERS_STRING_CATALOGS = YES;
				MTL_ENABLE_DEBUG_INFO = INCLUDE_SOURCE;
				MTL_FAST_MATH = YES;
				ONLY_ACTIVE_ARCH = YES;
				SDKROOT = iphoneos;
				SWIFT_ACTIVE_COMPILATION_CONDITIONS = "DEBUG $(inherited)";
				SWIFT_OPTIMIZATION_LEVEL = "-Onone";
			};
			name = Debug;
		};
		F409CC192D414E4B005EA0B1 /* Release */ = {
			isa = XCBuildConfiguration;
			buildSettings = {
				ALWAYS_SEARCH_USER_PATHS = NO;
				ASSETCATALOG_COMPILER_GENERATE_SWIFT_ASSET_SYMBOL_EXTENSIONS = YES;
				CLANG_ANALYZER_NONNULL = YES;
				CLANG_ANALYZER_NUMBER_OBJECT_CONVERSION = YES_AGGRESSIVE;
				CLANG_CXX_LANGUAGE_STANDARD = "gnu++20";
				CLANG_ENABLE_MODULES = YES;
				CLANG_ENABLE_OBJC_ARC = YES;
				CLANG_ENABLE_OBJC_WEAK = YES;
				CLANG_WARN_BLOCK_CAPTURE_AUTORELEASING = YES;
				CLANG_WARN_BOOL_CONVERSION = YES;
				CLANG_WARN_COMMA = YES;
				CLANG_WARN_CONSTANT_CONVERSION = YES;
				CLANG_WARN_DEPRECATED_OBJC_IMPLEMENTATIONS = YES;
				CLANG_WARN_DIRECT_OBJC_ISA_USAGE = YES_ERROR;
				CLANG_WARN_DOCUMENTATION_COMMENTS = YES;
				CLANG_WARN_EMPTY_BODY = YES;
				CLANG_WARN_ENUM_CONVERSION = YES;
				CLANG_WARN_INFINITE_RECURSION = YES;
				CLANG_WARN_INT_CONVERSION = YES;
				CLANG_WARN_NON_LITERAL_NULL_CONVERSION = YES;
				CLANG_WARN_OBJC_IMPLICIT_RETAIN_SELF = YES;
				CLANG_WARN_OBJC_LITERAL_CONVERSION = YES;
				CLANG_WARN_OBJC_ROOT_CLASS = YES_ERROR;
				CLANG_WARN_QUOTED_INCLUDE_IN_FRAMEWORK_HEADER = YES;
				CLANG_WARN_RANGE_LOOP_ANALYSIS = YES;
				CLANG_WARN_STRICT_PROTOTYPES = YES;
				CLANG_WARN_SUSPICIOUS_MOVE = YES;
				CLANG_WARN_UNGUARDED_AVAILABILITY = YES_AGGRESSIVE;
				CLANG_WARN_UNREACHABLE_CODE = YES;
				CLANG_WARN__DUPLICATE_METHOD_MATCH = YES;
				COPY_PHASE_STRIP = NO;
				DEBUG_INFORMATION_FORMAT = "dwarf-with-dsym";
				ENABLE_NS_ASSERTIONS = NO;
				ENABLE_STRICT_OBJC_MSGSEND = YES;
				ENABLE_USER_SCRIPT_SANDBOXING = YES;
				GCC_C_LANGUAGE_STANDARD = gnu17;
				GCC_NO_COMMON_BLOCKS = YES;
				GCC_WARN_64_TO_32_BIT_CONVERSION = YES;
				GCC_WARN_ABOUT_RETURN_TYPE = YES_ERROR;
				GCC_WARN_UNDECLARED_SELECTOR = YES;
				GCC_WARN_UNINITIALIZED_AUTOS = YES_AGGRESSIVE;
				GCC_WARN_UNUSED_FUNCTION = YES;
				GCC_WARN_UNUSED_VARIABLE = YES;
				IPHONEOS_DEPLOYMENT_TARGET = 18.0;
				LOCALIZATION_PREFERS_STRING_CATALOGS = YES;
				MTL_ENABLE_DEBUG_INFO = NO;
				MTL_FAST_MATH = YES;
				SDKROOT = iphoneos;
				SWIFT_COMPILATION_MODE = wholemodule;
				VALIDATE_PRODUCT = YES;
			};
			name = Release;
		};
/* End XCBuildConfiguration section */

/* Begin XCConfigurationList section */
		F409CBFD2D414E48005EA0B1 /* Build configuration list for PBXProject "chat-messaging-firebase" */ = {
			isa = XCConfigurationList;
			buildConfigurations = (
				F409CC182D414E4B005EA0B1 /* Debug */,
				F409CC192D414E4B005EA0B1 /* Release */,
			);
			defaultConfigurationIsVisible = 0;
			defaultConfigurationName = Release;
		};
		F409CC152D414E4B005EA0B1 /* Build configuration list for PBXNativeTarget "chat-messaging-firebase" */ = {
			isa = XCConfigurationList;
			buildConfigurations = (
				F409CC162D414E4B005EA0B1 /* Debug */,
				F409CC172D414E4B005EA0B1 /* Release */,
			);
			defaultConfigurationIsVisible = 0;
			defaultConfigurationName = Release;
		};
/* End XCConfigurationList section */

/* Begin XCRemoteSwiftPackageReference section */
		F4278C192D415B0B00CAE0AB /* XCRemoteSwiftPackageReference "MessageKit" */ = {
			isa = XCRemoteSwiftPackageReference;
			repositoryURL = "https://github.com/MessageKit/MessageKit";
			requirement = {
				kind = exactVersion;
				version = 5.0.0;
			};
		};
		F4CD8B652D41EFF100A7B33B /* XCRemoteSwiftPackageReference "firebase-ios-sdk" */ = {
			isa = XCRemoteSwiftPackageReference;
			repositoryURL = "https://github.com/firebase/firebase-ios-sdk";
			requirement = {
				kind = exactVersion;
				version = 11.7.0;
			};
		};
/* End XCRemoteSwiftPackageReference section */

/* Begin XCSwiftPackageProductDependency section */
		F4278C1A2D415B0B00CAE0AB /* MessageKit */ = {
			isa = XCSwiftPackageProductDependency;
			package = F4278C192D415B0B00CAE0AB /* XCRemoteSwiftPackageReference "MessageKit" */;
			productName = MessageKit;
		};
		F4CD8B662D41EFF100A7B33B /* FirebaseAnalytics */ = {
			isa = XCSwiftPackageProductDependency;
			package = F4CD8B652D41EFF100A7B33B /* XCRemoteSwiftPackageReference "firebase-ios-sdk" */;
			productName = FirebaseAnalytics;
		};
		F4CD8B682D41EFF100A7B33B /* FirebaseAuth */ = {
			isa = XCSwiftPackageProductDependency;
			package = F4CD8B652D41EFF100A7B33B /* XCRemoteSwiftPackageReference "firebase-ios-sdk" */;
			productName = FirebaseAuth;
		};
		F4CD8B6A2D41EFF100A7B33B /* FirebaseCore */ = {
			isa = XCSwiftPackageProductDependency;
			package = F4CD8B652D41EFF100A7B33B /* XCRemoteSwiftPackageReference "firebase-ios-sdk" */;
			productName = FirebaseCore;
		};
		F4CD8B6C2D41EFF100A7B33B /* FirebaseCrashlytics */ = {
			isa = XCSwiftPackageProductDependency;
			package = F4CD8B652D41EFF100A7B33B /* XCRemoteSwiftPackageReference "firebase-ios-sdk" */;
			productName = FirebaseCrashlytics;
		};
		F4CD8B6E2D41EFF100A7B33B /* FirebaseDatabase */ = {
			isa = XCSwiftPackageProductDependency;
			package = F4CD8B652D41EFF100A7B33B /* XCRemoteSwiftPackageReference "firebase-ios-sdk" */;
			productName = FirebaseDatabase;
		};
		F4CD8B702D41EFF100A7B33B /* FirebaseFirestore */ = {
			isa = XCSwiftPackageProductDependency;
			package = F4CD8B652D41EFF100A7B33B /* XCRemoteSwiftPackageReference "firebase-ios-sdk" */;
			productName = FirebaseFirestore;
		};
		F4CD8B722D41EFF100A7B33B /* FirebaseMessaging */ = {
			isa = XCSwiftPackageProductDependency;
			package = F4CD8B652D41EFF100A7B33B /* XCRemoteSwiftPackageReference "firebase-ios-sdk" */;
			productName = FirebaseMessaging;
		};
		F4CD8B742D41EFF100A7B33B /* FirebaseStorage */ = {
			isa = XCSwiftPackageProductDependency;
			package = F4CD8B652D41EFF100A7B33B /* XCRemoteSwiftPackageReference "firebase-ios-sdk" */;
			productName = FirebaseStorage;
		};
/* End XCSwiftPackageProductDependency section */
	};
	rootObject = F409CBFA2D414E48005EA0B1 /* Project object */;
}
